PODS:
  - flutter_ledger_lib (0.0.1):
    - FlutterMacOS
  - FlutterMacOS (1.0.0)

DEPENDENCIES:
  - flutter_ledger_lib (from `Flutter/ephemeral/.symlinks/plugins/flutter_ledger_lib/macos`)
  - FlutterMacOS (from `Flutter/ephemeral`)

EXTERNAL SOURCES:
  flutter_ledger_lib:
    :path: Flutter/ephemeral/.symlinks/plugins/flutter_ledger_lib/macos
  FlutterMacOS:
    :path: Flutter/ephemeral

SPEC CHECKSUMS:
  flutter_ledger_lib: 2b2f54b651ec8c82612b632e23e506fc97f45412
  FlutterMacOS: 57701585bf7de1b3fc2bb61f6378d73bbdea8424

PODFILE CHECKSUM: 8df7b57056bb874243d30e1d2bfec9914c7e7ce7

COCOAPODS: 1.11.3
